// !$*UTF8*$!
{
	archiveVersion = 1;
	classes = {
	};
	objectVersion = 52;
	objects = {

/* Begin PBXBuildFile section */
		15E542C024AB22ED00C8A6C1 /* AppDelegate.swift in Sources */ = {isa = PBXBuildFile; fileRef = 15E542BF24AB22ED00C8A6C1 /* AppDelegate.swift */; };
		15E542C224AB22ED00C8A6C1 /* SceneDelegate.swift in Sources */ = {isa = PBXBuildFile; fileRef = 15E542C124AB22ED00C8A6C1 /* SceneDelegate.swift */; };
		15E542C424AB22ED00C8A6C1 /* LoginView.swift in Sources */ = {isa = PBXBuildFile; fileRef = 15E542C324AB22ED00C8A6C1 /* LoginView.swift */; };
		15E542C624AB22EE00C8A6C1 /* Assets.xcassets in Resources */ = {isa = PBXBuildFile; fileRef = 15E542C524AB22EE00C8A6C1 /* Assets.xcassets */; };
		15E542C924AB22EE00C8A6C1 /* Preview Assets.xcassets in Resources */ = {isa = PBXBuildFile; fileRef = 15E542C824AB22EE00C8A6C1 /* Preview Assets.xcassets */; };
		15E542CC24AB22EE00C8A6C1 /* LaunchScreen.storyboard in Resources */ = {isa = PBXBuildFile; fileRef = 15E542CA24AB22EE00C8A6C1 /* LaunchScreen.storyboard */; };
		15E542D824AB40C200C8A6C1 /* OAuthSwift in Frameworks */ = {isa = PBXBuildFile; productRef = 15E542D724AB40C200C8A6C1 /* OAuthSwift */; };
		15E542DA24AB700500C8A6C1 /* ProfileView.swift in Sources */ = {isa = PBXBuildFile; fileRef = 15E542D924AB700500C8A6C1 /* ProfileView.swift */; };
		15E542DC24AB74E700C8A6C1 /* AuthorizedView.swift in Sources */ = {isa = PBXBuildFile; fileRef = 15E542DB24AB74E700C8A6C1 /* AuthorizedView.swift */; };
		15E542DE24AB757200C8A6C1 /* AuthService.swift in Sources */ = {isa = PBXBuildFile; fileRef = 15E542DD24AB757200C8A6C1 /* AuthService.swift */; };
		15E542E124AB766400C8A6C1 /* AuthServiceImpl.swift in Sources */ = {isa = PBXBuildFile; fileRef = 15E542E024AB766400C8A6C1 /* AuthServiceImpl.swift */; };
		15E542E324AB778700C8A6C1 /* AuthorizedViewModel.swift in Sources */ = {isa = PBXBuildFile; fileRef = 15E542E224AB778700C8A6C1 /* AuthorizedViewModel.swift */; };
		15E542E524AB7C0800C8A6C1 /* ProfileInfoProvider.swift in Sources */ = {isa = PBXBuildFile; fileRef = 15E542E424AB7C0800C8A6C1 /* ProfileInfoProvider.swift */; };
		15E542E724AB7DB800C8A6C1 /* ProfileInfoProviderImpl.swift in Sources */ = {isa = PBXBuildFile; fileRef = 15E542E624AB7DB800C8A6C1 /* ProfileInfoProviderImpl.swift */; };
		15E542E924AB7E0800C8A6C1 /* OAuthSwiftKeeper.swift in Sources */ = {isa = PBXBuildFile; fileRef = 15E542E824AB7E0800C8A6C1 /* OAuthSwiftKeeper.swift */; };
		DDFDB19824AC5FB50087475A /* ProfileViewModel.swift in Sources */ = {isa = PBXBuildFile; fileRef = DDFDB19724AC5FB50087475A /* ProfileViewModel.swift */; };
		DDFDB19C24AC75E60087475A /* InfoPlist.swift in Sources */ = {isa = PBXBuildFile; fileRef = DDFDB19B24AC75E60087475A /* InfoPlist.swift */; };
/* End PBXBuildFile section */

/* Begin PBXFileReference section */
		15E542BC24AB22ED00C8A6C1 /* TestApp.app */ = {isa = PBXFileReference; explicitFileType = wrapper.application; includeInIndex = 0; path = TestApp.app; sourceTree = BUILT_PRODUCTS_DIR; };
		15E542BF24AB22ED00C8A6C1 /* AppDelegate.swift */ = {isa = PBXFileReference; lastKnownFileType = sourcecode.swift; path = AppDelegate.swift; sourceTree = "<group>"; };
		15E542C124AB22ED00C8A6C1 /* SceneDelegate.swift */ = {isa = PBXFileReference; lastKnownFileType = sourcecode.swift; path = SceneDelegate.swift; sourceTree = "<group>"; };
		15E542C324AB22ED00C8A6C1 /* LoginView.swift */ = {isa = PBXFileReference; lastKnownFileType = sourcecode.swift; path = LoginView.swift; sourceTree = "<group>"; };
		15E542C524AB22EE00C8A6C1 /* Assets.xcassets */ = {isa = PBXFileReference; lastKnownFileType = folder.assetcatalog; path = Assets.xcassets; sourceTree = "<group>"; };
		15E542C824AB22EE00C8A6C1 /* Preview Assets.xcassets */ = {isa = PBXFileReference; lastKnownFileType = folder.assetcatalog; path = "Preview Assets.xcassets"; sourceTree = "<group>"; };
		15E542CB24AB22EE00C8A6C1 /* Base */ = {isa = PBXFileReference; lastKnownFileType = file.storyboard; name = Base; path = Base.lproj/LaunchScreen.storyboard; sourceTree = "<group>"; };
		15E542CD24AB22EE00C8A6C1 /* Info.plist */ = {isa = PBXFileReference; lastKnownFileType = text.plist.xml; path = Info.plist; sourceTree = "<group>"; };
		15E542D924AB700500C8A6C1 /* ProfileView.swift */ = {isa = PBXFileReference; lastKnownFileType = sourcecode.swift; path = ProfileView.swift; sourceTree = "<group>"; };
		15E542DB24AB74E700C8A6C1 /* AuthorizedView.swift */ = {isa = PBXFileReference; lastKnownFileType = sourcecode.swift; path = AuthorizedView.swift; sourceTree = "<group>"; };
		15E542DD24AB757200C8A6C1 /* AuthService.swift */ = {isa = PBXFileReference; lastKnownFileType = sourcecode.swift; path = AuthService.swift; sourceTree = "<group>"; };
		15E542E024AB766400C8A6C1 /* AuthServiceImpl.swift */ = {isa = PBXFileReference; lastKnownFileType = sourcecode.swift; path = AuthServiceImpl.swift; sourceTree = "<group>"; };
		15E542E224AB778700C8A6C1 /* AuthorizedViewModel.swift */ = {isa = PBXFileReference; lastKnownFileType = sourcecode.swift; path = AuthorizedViewModel.swift; sourceTree = "<group>"; };
		15E542E424AB7C0800C8A6C1 /* ProfileInfoProvider.swift */ = {isa = PBXFileReference; lastKnownFileType = sourcecode.swift; path = ProfileInfoProvider.swift; sourceTree = "<group>"; };
		15E542E624AB7DB800C8A6C1 /* ProfileInfoProviderImpl.swift */ = {isa = PBXFileReference; lastKnownFileType = sourcecode.swift; path = ProfileInfoProviderImpl.swift; sourceTree = "<group>"; };
		15E542E824AB7E0800C8A6C1 /* OAuthSwiftKeeper.swift */ = {isa = PBXFileReference; lastKnownFileType = sourcecode.swift; path = OAuthSwiftKeeper.swift; sourceTree = "<group>"; };
		DDFDB19724AC5FB50087475A /* ProfileViewModel.swift */ = {isa = PBXFileReference; lastKnownFileType = sourcecode.swift; path = ProfileViewModel.swift; sourceTree = "<group>"; };
		DDFDB19924AC6B570087475A /* DebugConfiguration.xcconfig */ = {isa = PBXFileReference; lastKnownFileType = text.xcconfig; path = DebugConfiguration.xcconfig; sourceTree = "<group>"; };
		DDFDB19B24AC75E60087475A /* InfoPlist.swift */ = {isa = PBXFileReference; lastKnownFileType = sourcecode.swift; path = InfoPlist.swift; sourceTree = "<group>"; };
/* End PBXFileReference section */

/* Begin PBXFrameworksBuildPhase section */
		15E542B924AB22ED00C8A6C1 /* Frameworks */ = {
			isa = PBXFrameworksBuildPhase;
			buildActionMask = 2147483647;
			files = (
				15E542D824AB40C200C8A6C1 /* OAuthSwift in Frameworks */,
			);
			runOnlyForDeploymentPostprocessing = 0;
		};
/* End PBXFrameworksBuildPhase section */

/* Begin PBXGroup section */
		15E542B324AB22ED00C8A6C1 = {
			isa = PBXGroup;
			children = (
				DDFDB19924AC6B570087475A /* DebugConfiguration.xcconfig */,
				15E542BE24AB22ED00C8A6C1 /* TestApp */,
				15E542BD24AB22ED00C8A6C1 /* Products */,
			);
			sourceTree = "<group>";
		};
		15E542BD24AB22ED00C8A6C1 /* Products */ = {
			isa = PBXGroup;
			children = (
				15E542BC24AB22ED00C8A6C1 /* TestApp.app */,
			);
			name = Products;
			sourceTree = "<group>";
		};
		15E542BE24AB22ED00C8A6C1 /* TestApp */ = {
			isa = PBXGroup;
			children = (
				15E542DF24AB764E00C8A6C1 /* Services */,
				15E542BF24AB22ED00C8A6C1 /* AppDelegate.swift */,
				15E542C124AB22ED00C8A6C1 /* SceneDelegate.swift */,
				15E542C324AB22ED00C8A6C1 /* LoginView.swift */,
				15E542DB24AB74E700C8A6C1 /* AuthorizedView.swift */,
				15E542E224AB778700C8A6C1 /* AuthorizedViewModel.swift */,
				15E542D924AB700500C8A6C1 /* ProfileView.swift */,
				DDFDB19724AC5FB50087475A /* ProfileViewModel.swift */,
				15E542C524AB22EE00C8A6C1 /* Assets.xcassets */,
				15E542CA24AB22EE00C8A6C1 /* LaunchScreen.storyboard */,
				15E542CD24AB22EE00C8A6C1 /* Info.plist */,
				15E542C724AB22EE00C8A6C1 /* Preview Content */,
			);
			path = TestApp;
			sourceTree = "<group>";
		};
		15E542C724AB22EE00C8A6C1 /* Preview Content */ = {
			isa = PBXGroup;
			children = (
				15E542C824AB22EE00C8A6C1 /* Preview Assets.xcassets */,
			);
			path = "Preview Content";
			sourceTree = "<group>";
		};
		15E542DF24AB764E00C8A6C1 /* Services */ = {
			isa = PBXGroup;
			children = (
				15E542DD24AB757200C8A6C1 /* AuthService.swift */,
				15E542E024AB766400C8A6C1 /* AuthServiceImpl.swift */,
				15E542E424AB7C0800C8A6C1 /* ProfileInfoProvider.swift */,
				15E542E624AB7DB800C8A6C1 /* ProfileInfoProviderImpl.swift */,
				15E542E824AB7E0800C8A6C1 /* OAuthSwiftKeeper.swift */,
				DDFDB19B24AC75E60087475A /* InfoPlist.swift */,
			);
			path = Services;
			sourceTree = "<group>";
		};
/* End PBXGroup section */

/* Begin PBXNativeTarget section */
		15E542BB24AB22ED00C8A6C1 /* TestApp */ = {
			isa = PBXNativeTarget;
			buildConfigurationList = 15E542D024AB22EE00C8A6C1 /* Build configuration list for PBXNativeTarget "TestApp" */;
			buildPhases = (
				15E542B824AB22ED00C8A6C1 /* Sources */,
				15E542B924AB22ED00C8A6C1 /* Frameworks */,
				15E542BA24AB22ED00C8A6C1 /* Resources */,
			);
			buildRules = (
			);
			dependencies = (
			);
			name = TestApp;
			packageProductDependencies = (
				15E542D724AB40C200C8A6C1 /* OAuthSwift */,
			);
			productName = TestApp;
			productReference = 15E542BC24AB22ED00C8A6C1 /* TestApp.app */;
			productType = "com.apple.product-type.application";
		};
/* End PBXNativeTarget section */

/* Begin PBXProject section */
		15E542B424AB22ED00C8A6C1 /* Project object */ = {
			isa = PBXProject;
			attributes = {
				LastSwiftUpdateCheck = 1130;
				LastUpgradeCheck = 1130;
				ORGANIZATIONNAME = Vadim;
				TargetAttributes = {
					15E542BB24AB22ED00C8A6C1 = {
						CreatedOnToolsVersion = 11.3.1;
					};
				};
			};
			buildConfigurationList = 15E542B724AB22ED00C8A6C1 /* Build configuration list for PBXProject "TestApp" */;
			compatibilityVersion = "Xcode 9.3";
			developmentRegion = en;
			hasScannedForEncodings = 0;
			knownRegions = (
				en,
				Base,
			);
			mainGroup = 15E542B324AB22ED00C8A6C1;
			packageReferences = (
				15E542D624AB40C200C8A6C1 /* XCRemoteSwiftPackageReference "OAuthSwift" */,
			);
			productRefGroup = 15E542BD24AB22ED00C8A6C1 /* Products */;
			projectDirPath = "";
			projectRoot = "";
			targets = (
				15E542BB24AB22ED00C8A6C1 /* TestApp */,
			);
		};
/* End PBXProject section */

/* Begin PBXResourcesBuildPhase section */
		15E542BA24AB22ED00C8A6C1 /* Resources */ = {
			isa = PBXResourcesBuildPhase;
			buildActionMask = 2147483647;
			files = (
				15E542CC24AB22EE00C8A6C1 /* LaunchScreen.storyboard in Resources */,
				15E542C924AB22EE00C8A6C1 /* Preview Assets.xcassets in Resources */,
				15E542C624AB22EE00C8A6C1 /* Assets.xcassets in Resources */,
			);
			runOnlyForDeploymentPostprocessing = 0;
		};
/* End PBXResourcesBuildPhase section */

/* Begin PBXSourcesBuildPhase section */
		15E542B824AB22ED00C8A6C1 /* Sources */ = {
			isa = PBXSourcesBuildPhase;
			buildActionMask = 2147483647;
			files = (
				15E542DA24AB700500C8A6C1 /* ProfileView.swift in Sources */,
				15E542E924AB7E0800C8A6C1 /* OAuthSwiftKeeper.swift in Sources */,
				15E542E124AB766400C8A6C1 /* AuthServiceImpl.swift in Sources */,
				15E542C024AB22ED00C8A6C1 /* AppDelegate.swift in Sources */,
				15E542C224AB22ED00C8A6C1 /* SceneDelegate.swift in Sources */,
				15E542E724AB7DB800C8A6C1 /* ProfileInfoProviderImpl.swift in Sources */,
				DDFDB19824AC5FB50087475A /* ProfileViewModel.swift in Sources */,
				15E542DE24AB757200C8A6C1 /* AuthService.swift in Sources */,
				15E542E524AB7C0800C8A6C1 /* ProfileInfoProvider.swift in Sources */,
				15E542C424AB22ED00C8A6C1 /* LoginView.swift in Sources */,
				15E542DC24AB74E700C8A6C1 /* AuthorizedView.swift in Sources */,
				DDFDB19C24AC75E60087475A /* InfoPlist.swift in Sources */,
				15E542E324AB778700C8A6C1 /* AuthorizedViewModel.swift in Sources */,
			);
			runOnlyForDeploymentPostprocessing = 0;
		};
/* End PBXSourcesBuildPhase section */

/* Begin PBXVariantGroup section */
		15E542CA24AB22EE00C8A6C1 /* LaunchScreen.storyboard */ = {
			isa = PBXVariantGroup;
			children = (
				15E542CB24AB22EE00C8A6C1 /* Base */,
			);
			name = LaunchScreen.storyboard;
			sourceTree = "<group>";
		};
/* End PBXVariantGroup section */

/* Begin XCBuildConfiguration section */
		15E542CE24AB22EE00C8A6C1 /* Debug */ = {
			isa = XCBuildConfiguration;
			baseConfigurationReference = DDFDB19924AC6B570087475A /* DebugConfiguration.xcconfig */;
			buildSettings = {
				ALWAYS_SEARCH_USER_PATHS = NO;
				CLANG_ANALYZER_NONNULL = YES;
				CLANG_ANALYZER_NUMBER_OBJECT_CONVERSION = YES_AGGRESSIVE;
				CLANG_CXX_LANGUAGE_STANDARD = "gnu++14";
				CLANG_CXX_LIBRARY = "libc++";
				CLANG_ENABLE_MODULES = YES;
				CLANG_ENABLE_OBJC_ARC = YES;
				CLANG_ENABLE_OBJC_WEAK = YES;
				CLANG_WARN_BLOCK_CAPTURE_AUTORELEASING = YES;
				CLANG_WARN_BOOL_CONVERSION = YES;
				CLANG_WARN_COMMA = YES;
				CLANG_WARN_CONSTANT_CONVERSION = YES;
				CLANG_WARN_DEPRECATED_OBJC_IMPLEMENTATIONS = YES;
				CLANG_WARN_DIRECT_OBJC_ISA_USAGE = YES_ERROR;
				CLANG_WARN_DOCUMENTATION_COMMENTS = YES;
				CLANG_WARN_EMPTY_BODY = YES;
				CLANG_WARN_ENUM_CONVERSION = YES;
				CLANG_WARN_INFINITE_RECURSION = YES;
				CLANG_WARN_INT_CONVERSION = YES;
				CLANG_WARN_NON_LITERAL_NULL_CONVERSION = YES;
				CLANG_WARN_OBJC_IMPLICIT_RETAIN_SELF = YES;
				CLANG_WARN_OBJC_LITERAL_CONVERSION = YES;
				CLANG_WARN_OBJC_ROOT_CLASS = YES_ERROR;
				CLANG_WARN_RANGE_LOOP_ANALYSIS = YES;
				CLANG_WARN_STRICT_PROTOTYPES = YES;
				CLANG_WARN_SUSPICIOUS_MOVE = YES;
				CLANG_WARN_UNGUARDED_AVAILABILITY = YES_AGGRESSIVE;
				CLANG_WARN_UNREACHABLE_CODE = YES;
				CLANG_WARN__DUPLICATE_METHOD_MATCH = YES;
				COPY_PHASE_STRIP = NO;
				DEBUG_INFORMATION_FORMAT = dwarf;
				ENABLE_STRICT_OBJC_MSGSEND = YES;
				ENABLE_TESTABILITY = YES;
				GCC_C_LANGUAGE_STANDARD = gnu11;
				GCC_DYNAMIC_NO_PIC = NO;
				GCC_NO_COMMON_BLOCKS = YES;
				GCC_OPTIMIZATION_LEVEL = 0;
				GCC_PREPROCESSOR_DEFINITIONS = (
					"DEBUG=1",
					"$(inherited)",
				);
				GCC_WARN_64_TO_32_BIT_CONVERSION = YES;
				GCC_WARN_ABOUT_RETURN_TYPE = YES_ERROR;
				GCC_WARN_UNDECLARED_SELECTOR = YES;
				GCC_WARN_UNINITIALIZED_AUTOS = YES_AGGRESSIVE;
				GCC_WARN_UNUSED_FUNCTION = YES;
				GCC_WARN_UNUSED_VARIABLE = YES;
				IPHONEOS_DEPLOYMENT_TARGET = 13.2;
				MTL_ENABLE_DEBUG_INFO = INCLUDE_SOURCE;
				MTL_FAST_MATH = YES;
				ONLY_ACTIVE_ARCH = YES;
				SDKROOT = iphoneos;
				SWIFT_ACTIVE_COMPILATION_CONDITIONS = DEBUG;
				SWIFT_OBJC_BRIDGING_HEADER = "";
				SWIFT_OPTIMIZATION_LEVEL = "-Onone";
			};
			name = Debug;
		};
		15E542CF24AB22EE00C8A6C1 /* Release */ = {
			isa = XCBuildConfiguration;
			buildSettings = {
				ALWAYS_SEARCH_USER_PATHS = NO;
				CLANG_ANALYZER_NONNULL = YES;
				CLANG_ANALYZER_NUMBER_OBJECT_CONVERSION = YES_AGGRESSIVE;
				CLANG_CXX_LANGUAGE_STANDARD = "gnu++14";
				CLANG_CXX_LIBRARY = "libc++";
				CLANG_ENABLE_MODULES = YES;
				CLANG_ENABLE_OBJC_ARC = YES;
				CLANG_ENABLE_OBJC_WEAK = YES;
				CLANG_WARN_BLOCK_CAPTURE_AUTORELEASING = YES;
				CLANG_WARN_BOOL_CONVERSION = YES;
				CLANG_WARN_COMMA = YES;
				CLANG_WARN_CONSTANT_CONVERSION = YES;
				CLANG_WARN_DEPRECATED_OBJC_IMPLEMENTATIONS = YES;
				CLANG_WARN_DIRECT_OBJC_ISA_USAGE = YES_ERROR;
				CLANG_WARN_DOCUMENTATION_COMMENTS = YES;
				CLANG_WARN_EMPTY_BODY = YES;
				CLANG_WARN_ENUM_CONVERSION = YES;
				CLANG_WARN_INFINITE_RECURSION = YES;
				CLANG_WARN_INT_CONVERSION = YES;
				CLANG_WARN_NON_LITERAL_NULL_CONVERSION = YES;
				CLANG_WARN_OBJC_IMPLICIT_RETAIN_SELF = YES;
				CLANG_WARN_OBJC_LITERAL_CONVERSION = YES;
				CLANG_WARN_OBJC_ROOT_CLASS = YES_ERROR;
				CLANG_WARN_RANGE_LOOP_ANALYSIS = YES;
				CLANG_WARN_STRICT_PROTOTYPES = YES;
				CLANG_WARN_SUSPICIOUS_MOVE = YES;
				CLANG_WARN_UNGUARDED_AVAILABILITY = YES_AGGRESSIVE;
				CLANG_WARN_UNREACHABLE_CODE = YES;
				CLANG_WARN__DUPLICATE_METHOD_MATCH = YES;
				COPY_PHASE_STRIP = NO;
				DEBUG_INFORMATION_FORMAT = "dwarf-with-dsym";
				ENABLE_NS_ASSERTIONS = NO;
				ENABLE_STRICT_OBJC_MSGSEND = YES;
				GCC_C_LANGUAGE_STANDARD = gnu11;
				GCC_NO_COMMON_BLOCKS = YES;
				GCC_WARN_64_TO_32_BIT_CONVERSION = YES;
				GCC_WARN_ABOUT_RETURN_TYPE = YES_ERROR;
				GCC_WARN_UNDECLARED_SELECTOR = YES;
				GCC_WARN_UNINITIALIZED_AUTOS = YES_AGGRESSIVE;
				GCC_WARN_UNUSED_FUNCTION = YES;
				GCC_WARN_UNUSED_VARIABLE = YES;
				IPHONEOS_DEPLOYMENT_TARGET = 13.2;
				MTL_ENABLE_DEBUG_INFO = NO;
				MTL_FAST_MATH = YES;
				SDKROOT = iphoneos;
				SWIFT_COMPILATION_MODE = wholemodule;
				SWIFT_OBJC_BRIDGING_HEADER = "";
				SWIFT_OPTIMIZATION_LEVEL = "-O";
				VALIDATE_PRODUCT = YES;
			};
			name = Release;
		};
		15E542D124AB22EE00C8A6C1 /* Debug */ = {
			isa = XCBuildConfiguration;
			baseConfigurationReference = DDFDB19924AC6B570087475A /* DebugConfiguration.xcconfig */;
			buildSettings = {
				ASSETCATALOG_COMPILER_APPICON_NAME = AppIcon;
				CODE_SIGN_STYLE = Automatic;
				DEVELOPMENT_ASSET_PATHS = "\"TestApp/Preview Content\"";
				ENABLE_PREVIEWS = YES;
				INFOPLIST_FILE = TestApp/Info.plist;
				LD_RUNPATH_SEARCH_PATHS = (
					"$(inherited)",
					"@executable_path/Frameworks",
				);
				PRODUCT_BUNDLE_IDENTIFIER = com.TestApp;
				PRODUCT_NAME = "$(TARGET_NAME)";
				SWIFT_VERSION = 5.0;
				TARGETED_DEVICE_FAMILY = "1,2";
			};
			name = Debug;
		};
		15E542D224AB22EE00C8A6C1 /* Release */ = {
			isa = XCBuildConfiguration;
			buildSettings = {
				ASSETCATALOG_COMPILER_APPICON_NAME = AppIcon;
				CODE_SIGN_STYLE = Automatic;
				DEVELOPMENT_ASSET_PATHS = "\"TestApp/Preview Content\"";
				ENABLE_PREVIEWS = YES;
				INFOPLIST_FILE = TestApp/Info.plist;
				LD_RUNPATH_SEARCH_PATHS = (
					"$(inherited)",
					"@executable_path/Frameworks",
				);
				PRODUCT_BUNDLE_IDENTIFIER = com.TestApp;
				PRODUCT_NAME = "$(TARGET_NAME)";
				SWIFT_VERSION = 5.0;
				TARGETED_DEVICE_FAMILY = "1,2";
			};
			name = Release;
		};
/* End XCBuildConfiguration section */

/* Begin XCConfigurationList section */
		15E542B724AB22ED00C8A6C1 /* Build configuration list for PBXProject "TestApp" */ = {
			isa = XCConfigurationList;
			buildConfigurations = (
				15E542CE24AB22EE00C8A6C1 /* Debug */,
				15E542CF24AB22EE00C8A6C1 /* Release */,
			);
			defaultConfigurationIsVisible = 0;
			defaultConfigurationName = Release;
		};
		15E542D024AB22EE00C8A6C1 /* Build configuration list for PBXNativeTarget "TestApp" */ = {
			isa = XCConfigurationList;
			buildConfigurations = (
				15E542D124AB22EE00C8A6C1 /* Debug */,
				15E542D224AB22EE00C8A6C1 /* Release */,
			);
			defaultConfigurationIsVisible = 0;
			defaultConfigurationName = Release;
		};
/* End XCConfigurationList section */

/* Begin XCRemoteSwiftPackageReference section */
		15E542D624AB40C200C8A6C1 /* XCRemoteSwiftPackageReference "OAuthSwift" */ = {
			isa = XCRemoteSwiftPackageReference;
			repositoryURL = "https://github.com/OAuthSwift/OAuthSwift";
			requirement = {
				kind = upToNextMajorVersion;
				minimumVersion = 2.1.2;
			};
		};
/* End XCRemoteSwiftPackageReference section */

/* Begin XCSwiftPackageProductDependency section */
		15E542D724AB40C200C8A6C1 /* OAuthSwift */ = {
			isa = XCSwiftPackageProductDependency;
			package = 15E542D624AB40C200C8A6C1 /* XCRemoteSwiftPackageReference "OAuthSwift" */;
			productName = OAuthSwift;
		};
/* End XCSwiftPackageProductDependency section */
	};
	rootObject = 15E542B424AB22ED00C8A6C1 /* Project object */;
}
